
Microsoft Visual Studio Solution File, Format Version 12.00
# Visual Studio Version 17
VisualStudioVersion = 17.13.35931.197
MinimumVisualStudioVersion = 10.0.40219.1
Project("{FAE04EC0-301F-11D3-BF4B-00C04F79EFBC}") = "PRN212_Buoi2_ConsoleApp", "PRN212_Buoi2_ConsoleApp\PRN212_Buoi2_ConsoleApp.csproj", "{6EA34C05-E6F3-40E2-BCED-4CCC39BA1947}"
EndProject
Project("{FAE04EC0-301F-11D3-BF4B-00C04F79EFBC}") = "Buoi2_DataAccess", "Buoi2_DataAccess\Buoi2_DataAccess.csproj", "{F1F4A3D9-8C17-4A36-9087-8D59CFBAE4CD}"
EndProject
Project("{FAE04EC0-301F-11D3-BF4B-00C04F79EFBC}") = "Buoi2_Repositories", "Buoi2_Repositories\Buoi2_Repositories.csproj", "{971F0724-A8B8-484D-882E-CC496A909A1E}"
EndProject
Project("{FAE04EC0-301F-11D3-BF4B-00C04F79EFBC}") = "Buoi2_Service", "Buoi2_Service\Buoi2_Service.csproj", "{67FC61C7-024D-4292-A223-7A952AC665CE}"
EndProject
Project("{FAE04EC0-301F-11D3-BF4B-00C04F79EFBC}") = "Buoi3_WPFApp", "Buoi3_WPFApp\Buoi3_WPFApp.csproj", "{D381045E-3A3C-4F5D-853D-EE109C87320E}"
EndProject
Global
	GlobalSection(SolutionConfigurationPlatforms) = preSolution
		Debug|Any CPU = Debug|Any CPU
		Release|Any CPU = Release|Any CPU
	EndGlobalSection
	GlobalSection(ProjectConfigurationPlatforms) = postSolution
		{6EA34C05-E6F3-40E2-BCED-4CCC39BA1947}.Debug|Any CPU.ActiveCfg = Debug|Any CPU
		{6EA34C05-E6F3-40E2-BCED-4CCC39BA1947}.Debug|Any CPU.Build.0 = Debug|Any CPU
		{6EA34C05-E6F3-40E2-BCED-4CCC39BA1947}.Release|Any CPU.ActiveCfg = Release|Any CPU
		{6EA34C05-E6F3-40E2-BCED-4CCC39BA1947}.Release|Any CPU.Build.0 = Release|Any CPU
		{F1F4A3D9-8C17-4A36-9087-8D59CFBAE4CD}.Debug|Any CPU.ActiveCfg = Debug|Any CPU
		{F1F4A3D9-8C17-4A36-9087-8D59CFBAE4CD}.Debug|Any CPU.Build.0 = Debug|Any CPU
		{F1F4A3D9-8C17-4A36-9087-8D59CFBAE4CD}.Release|Any CPU.ActiveCfg = Release|Any CPU
		{F1F4A3D9-8C17-4A36-9087-8D59CFBAE4CD}.Release|Any CPU.Build.0 = Release|Any CPU
		{971F0724-A8B8-484D-882E-CC496A909A1E}.Debug|Any CPU.ActiveCfg = Debug|Any CPU
		{971F0724-A8B8-484D-882E-CC496A909A1E}.Debug|Any CPU.Build.0 = Debug|Any CPU
		{971F0724-A8B8-484D-882E-CC496A909A1E}.Release|Any CPU.ActiveCfg = Release|Any CPU
		{971F0724-A8B8-484D-882E-CC496A909A1E}.Release|Any CPU.Build.0 = Release|Any CPU
		{67FC61C7-024D-4292-A223-7A952AC665CE}.Debug|Any CPU.ActiveCfg = Debug|Any CPU
		{67FC61C7-024D-4292-A223-7A952AC665CE}.Debug|Any CPU.Build.0 = Debug|Any CPU
		{67FC61C7-024D-4292-A223-7A952AC665CE}.Release|Any CPU.ActiveCfg = Release|Any CPU
		{67FC61C7-024D-4292-A223-7A952AC665CE}.Release|Any CPU.Build.0 = Release|Any CPU
		{D381045E-3A3C-4F5D-853D-EE109C87320E}.Debug|Any CPU.ActiveCfg = Debug|Any CPU
		{D381045E-3A3C-4F5D-853D-EE109C87320E}.Debug|Any CPU.Build.0 = Debug|Any CPU
		{D381045E-3A3C-4F5D-853D-EE109C87320E}.Release|Any CPU.ActiveCfg = Release|Any CPU
		{D381045E-3A3C-4F5D-853D-EE109C87320E}.Release|Any CPU.Build.0 = Release|Any CPU
	EndGlobalSection
	GlobalSection(SolutionProperties) = preSolution
		HideSolutionNode = FALSE
	EndGlobalSection
	GlobalSection(ExtensibilityGlobals) = postSolution
		SolutionGuid = {2780737C-6770-4BF2-A444-938A5C8FFA9E}
	EndGlobalSection
EndGlobal
