
Microsoft Visual Studio Solution File, Format Version 12.00
# Visual Studio Version 17
VisualStudioVersion = 17.13.35931.197 d17.13
MinimumVisualStudioVersion = 10.0.40219.1
Project("{FAE04EC0-301F-11D3-BF4B-00C04F79EFBC}") = "StudentManager", "StudentManager\StudentManager.csproj", "{983765A4-3517-483A-A1B5-6C56E181DE5A}"
EndProject
Project("{FAE04EC0-301F-11D3-BF4B-00C04F79EFBC}") = "DataAccess", "DataAccess\DataAccess.csproj", "{EE93A78A-1D3B-489F-A53A-7855D74367DB}"
EndProject
Project("{FAE04EC0-301F-11D3-BF4B-00C04F79EFBC}") = "Repository", "Repository\Repository.csproj", "{B2F21C31-AC28-4E1E-A199-F18CE672676B}"
EndProject
Global
	GlobalSection(SolutionConfigurationPlatforms) = preSolution
		Debug|Any CPU = Debug|Any CPU
		Release|Any CPU = Release|Any CPU
	EndGlobalSection
	GlobalSection(ProjectConfigurationPlatforms) = postSolution
		{983765A4-3517-483A-A1B5-6C56E181DE5A}.Debug|Any CPU.ActiveCfg = Debug|Any CPU
		{983765A4-3517-483A-A1B5-6C56E181DE5A}.Debug|Any CPU.Build.0 = Debug|Any CPU
		{983765A4-3517-483A-A1B5-6C56E181DE5A}.Release|Any CPU.ActiveCfg = Release|Any CPU
		{983765A4-3517-483A-A1B5-6C56E181DE5A}.Release|Any CPU.Build.0 = Release|Any CPU
		{EE93A78A-1D3B-489F-A53A-7855D74367DB}.Debug|Any CPU.ActiveCfg = Debug|Any CPU
		{EE93A78A-1D3B-489F-A53A-7855D74367DB}.Debug|Any CPU.Build.0 = Debug|Any CPU
		{EE93A78A-1D3B-489F-A53A-7855D74367DB}.Release|Any CPU.ActiveCfg = Release|Any CPU
		{EE93A78A-1D3B-489F-A53A-7855D74367DB}.Release|Any CPU.Build.0 = Release|Any CPU
		{B2F21C31-AC28-4E1E-A199-F18CE672676B}.Debug|Any CPU.ActiveCfg = Debug|Any CPU
		{B2F21C31-AC28-4E1E-A199-F18CE672676B}.Debug|Any CPU.Build.0 = Debug|Any CPU
		{B2F21C31-AC28-4E1E-A199-F18CE672676B}.Release|Any CPU.ActiveCfg = Release|Any CPU
		{B2F21C31-AC28-4E1E-A199-F18CE672676B}.Release|Any CPU.Build.0 = Release|Any CPU
	EndGlobalSection
	GlobalSection(SolutionProperties) = preSolution
		HideSolutionNode = FALSE
	EndGlobalSection
	GlobalSection(ExtensibilityGlobals) = postSolution
		SolutionGuid = {8D7D5D87-3B12-44B9-9E2C-2F027611F3B6}
	EndGlobalSection
EndGlobal
